
Microsoft Visual Studio Solution File, Format Version 12.00
# Visual Studio Version 17
VisualStudioVersion = 17.10.35013.160
MinimumVisualStudioVersion = 10.0.40219.1
Project("{9A19103F-16F7-4668-BE54-9A1E7A4F7556}") = "MVC", "PAL\MVC.csproj", "{BA4B3FC5-F530-473E-9B87-7453A6F924A1}"
EndProject
Project("{9A19103F-16F7-4668-BE54-9A1E7A4F7556}") = "DAL", "DAL\DAL.csproj", "{988DBB8E-7271-473D-9F0A-8336FFD0E169}"
EndProject
Project("{9A19103F-16F7-4668-BE54-9A1E7A4F7556}") = "BL", "BL\BL.csproj", "{478DE734-C1CF-46A0-8EF3-90D483AB8CB2}"
EndProject
Project("{9A19103F-16F7-4668-BE54-9A1E7A4F7556}") = "API", "API\API.csproj", "{CB46234D-CC1D-4E88-949E-1F156CAB1DB2}"
EndProject
Global
	GlobalSection(SolutionConfigurationPlatforms) = preSolution
		Debug|Any CPU = Debug|Any CPU
		Release|Any CPU = Release|Any CPU
	EndGlobalSection
	GlobalSection(ProjectConfigurationPlatforms) = postSolution
		{BA4B3FC5-F530-473E-9B87-7453A6F924A1}.Debug|Any CPU.ActiveCfg = Debug|Any CPU
		{BA4B3FC5-F530-473E-9B87-7453A6F924A1}.Debug|Any CPU.Build.0 = Debug|Any CPU
		{BA4B3FC5-F530-473E-9B87-7453A6F924A1}.Release|Any CPU.ActiveCfg = Release|Any CPU
		{BA4B3FC5-F530-473E-9B87-7453A6F924A1}.Release|Any CPU.Build.0 = Release|Any CPU
		{988DBB8E-7271-473D-9F0A-8336FFD0E169}.Debug|Any CPU.ActiveCfg = Debug|Any CPU
		{988DBB8E-7271-473D-9F0A-8336FFD0E169}.Debug|Any CPU.Build.0 = Debug|Any CPU
		{988DBB8E-7271-473D-9F0A-8336FFD0E169}.Release|Any CPU.ActiveCfg = Release|Any CPU
		{988DBB8E-7271-473D-9F0A-8336FFD0E169}.Release|Any CPU.Build.0 = Release|Any CPU
		{478DE734-C1CF-46A0-8EF3-90D483AB8CB2}.Debug|Any CPU.ActiveCfg = Debug|Any CPU
		{478DE734-C1CF-46A0-8EF3-90D483AB8CB2}.Debug|Any CPU.Build.0 = Debug|Any CPU
		{478DE734-C1CF-46A0-8EF3-90D483AB8CB2}.Release|Any CPU.ActiveCfg = Release|Any CPU
		{478DE734-C1CF-46A0-8EF3-90D483AB8CB2}.Release|Any CPU.Build.0 = Release|Any CPU
		{CB46234D-CC1D-4E88-949E-1F156CAB1DB2}.Debug|Any CPU.ActiveCfg = Debug|Any CPU
		{CB46234D-CC1D-4E88-949E-1F156CAB1DB2}.Debug|Any CPU.Build.0 = Debug|Any CPU
		{CB46234D-CC1D-4E88-949E-1F156CAB1DB2}.Release|Any CPU.ActiveCfg = Release|Any CPU
		{CB46234D-CC1D-4E88-949E-1F156CAB1DB2}.Release|Any CPU.Build.0 = Release|Any CPU
	EndGlobalSection
	GlobalSection(SolutionProperties) = preSolution
		HideSolutionNode = FALSE
	EndGlobalSection
	GlobalSection(ExtensibilityGlobals) = postSolution
		SolutionGuid = {C4CFB30E-72C0-4887-969B-A8E2AD0E7E71}
	EndGlobalSection
EndGlobal
